
Microsoft Visual Studio Solution File, Format Version 12.00
# Visual Studio Version 17
VisualStudioVersion = 17.5.002.0
MinimumVisualStudioVersion = 10.0.40219.1
Project("{9A19103F-16F7-4668-BE54-9A1E7A4F7556}") = "toDoDaniel", "toDoDaniel.csproj", "{C45D7679-3862-4E26-A010-0430B3D0B47B}"
EndProject
Global
	GlobalSection(SolutionConfigurationPlatforms) = preSolution
		Debug|Any CPU = Debug|Any CPU
		Release|Any CPU = Release|Any CPU
	EndGlobalSection
	GlobalSection(ProjectConfigurationPlatforms) = postSolution
		{C45D7679-3862-4E26-A010-0430B3D0B47B}.Debug|Any CPU.ActiveCfg = Debug|Any CPU
		{C45D7679-3862-4E26-A010-0430B3D0B47B}.Debug|Any CPU.Build.0 = Debug|Any CPU
		{C45D7679-3862-4E26-A010-0430B3D0B47B}.Release|Any CPU.ActiveCfg = Release|Any CPU
		{C45D7679-3862-4E26-A010-0430B3D0B47B}.Release|Any CPU.Build.0 = Release|Any CPU
	EndGlobalSection
	GlobalSection(SolutionProperties) = preSolution
		HideSolutionNode = FALSE
	EndGlobalSection
	GlobalSection(ExtensibilityGlobals) = postSolution
		SolutionGuid = {87E097EB-A898-49D4-821A-418ED4FA54C5}
	EndGlobalSection
EndGlobal
